// !$*UTF8*$!
{
	archiveVersion = 1;
	classes = {
	};
	objectVersion = 55;
	objects = {

/* Begin PBXBuildFile section */
		E00CF7D2272D1F6000013F45 /* JNXMTQueue.h in Headers */ = {isa = PBXBuildFile; fileRef = E086C27726723D97001F127B /* JNXMTQueue.h */; settings = {ATTRIBUTES = (Public, ); }; };
		E00CF7D3272D1F6000013F45 /* JNXMTQueue.m in Sources */ = {isa = PBXBuildFile; fileRef = E086C27426723D97001F127B /* JNXMTQueue.m */; };
		E0E4F48B272C4DB7009702DA /* JNXFree.h in Headers */ = {isa = PBXBuildFile; fileRef = E086C25C26723B71001F127B /* JNXFree.h */; settings = {ATTRIBUTES = (Public, ); }; };
		E0E4F48F272C4E6E009702DA /* JNXLog.h in Headers */ = {isa = PBXBuildFile; fileRef = E08BB18C2671D9F800DE6A05 /* JNXLog.h */; settings = {ATTRIBUTES = (Public, ); }; };
		E0E4F490272C4E6E009702DA /* JNXPasswordPanel.xib in Resources */ = {isa = PBXBuildFile; fileRef = E086C2AF26725AEC001F127B /* JNXPasswordPanel.xib */; };
		E0E4F491272C4E6E009702DA /* JNXKeyChainPassword.m in Sources */ = {isa = PBXBuildFile; fileRef = E086C2B026725AEC001F127B /* JNXKeyChainPassword.m */; };
		E0E4F492272C4E6E009702DA /* JNXPasswordPanel.m in Sources */ = {isa = PBXBuildFile; fileRef = E086C2B126725AEC001F127B /* JNXPasswordPanel.m */; platformFilters = (macos, ); };
		E0E4F493272C4E6E009702DA /* osversion.c in Sources */ = {isa = PBXBuildFile; fileRef = E086C29726725AEC001F127B /* osversion.c */; platformFilters = (macos, ); };
		E0E4F494272C4E6E009702DA /* NSDictionary+KeyValueStringEncoding.h in Headers */ = {isa = PBXBuildFile; fileRef = E08BB1932671DA2500DE6A05 /* NSDictionary+KeyValueStringEncoding.h */; settings = {ATTRIBUTES = (Public, ); }; };
		E0E4F495272C4E6E009702DA /* JNXCrashReporter.h in Headers */ = {isa = PBXBuildFile; fileRef = E086C29426725AEC001F127B /* JNXCrashReporter.h */; platformFilters = (macos, ); settings = {ATTRIBUTES = (Public, ); }; };
		E0E4F496272C4E6E009702DA /* NSDictionary+KeyValueStringEncoding.m in Sources */ = {isa = PBXBuildFile; fileRef = E08BB1962671DA2500DE6A05 /* NSDictionary+KeyValueStringEncoding.m */; };
		E0E4F497272C4E6E009702DA /* NSString+PercentEscape.m in Sources */ = {isa = PBXBuildFile; fileRef = E08BB1922671DA2500DE6A05 /* NSString+PercentEscape.m */; };
		E0E4F498272C4E6E009702DA /* NSString+PercentEscape.h in Headers */ = {isa = PBXBuildFile; fileRef = E08BB1972671DA2500DE6A05 /* NSString+PercentEscape.h */; settings = {ATTRIBUTES = (Public, ); }; };
		E0E4F499272C4E6E009702DA /* NSData+ZlibAddition.h in Headers */ = {isa = PBXBuildFile; fileRef = E08BB1952671DA2500DE6A05 /* NSData+ZlibAddition.h */; settings = {ATTRIBUTES = (Public, ); }; };
		E0E4F49A272C4E6E009702DA /* JNXPasswordPanel.h in Headers */ = {isa = PBXBuildFile; fileRef = E086C2AD26725AEC001F127B /* JNXPasswordPanel.h */; platformFilters = (macos, ); settings = {ATTRIBUTES = (Public, ); }; };
		E0E4F49B272C4E6E009702DA /* JNXCrashReporter.m in Sources */ = {isa = PBXBuildFile; fileRef = E086C29326725AEC001F127B /* JNXCrashReporter.m */; platformFilters = (macos, ); };
		E0E4F49C272C4E6E009702DA /* osversion.h in Headers */ = {isa = PBXBuildFile; fileRef = E086C29826725AEC001F127B /* osversion.h */; platformFilters = (macos, ); settings = {ATTRIBUTES = (Public, ); }; };
		E0E4F49D272C4E6E009702DA /* NSData+ZlibAddition.m in Sources */ = {isa = PBXBuildFile; fileRef = E08BB1942671DA2500DE6A05 /* NSData+ZlibAddition.m */; };
		E0E4F49E272C4E6E009702DA /* JNXKeyChainPassword.h in Headers */ = {isa = PBXBuildFile; fileRef = E086C2AE26725AEC001F127B /* JNXKeyChainPassword.h */; settings = {ATTRIBUTES = (Public, ); }; };
/* End PBXBuildFile section */

/* Begin PBXContainerItemProxy section */
		E086C2B426725AEC001F127B /* PBXContainerItemProxy */ = {
			isa = PBXContainerItemProxy;
			containerPortal = E086C2A326725AEC001F127B /* JNXPasswordPanel.xcodeproj */;
			proxyType = 2;
			remoteGlobalIDString = 8D1107320486CEB800E47090;
			remoteInfo = JNXPasswordPanel;
		};
/* End PBXContainerItemProxy section */

/* Begin PBXFileReference section */
		E086C25C26723B71001F127B /* JNXFree.h */ = {isa = PBXFileReference; lastKnownFileType = sourcecode.c.h; path = JNXFree.h; sourceTree = "<group>"; };
		E086C26C26723D97001F127B /* JNXSortedArray.m */ = {isa = PBXFileReference; fileEncoding = 4; lastKnownFileType = sourcecode.c.objc; path = JNXSortedArray.m; sourceTree = "<group>"; };
		E086C26D26723D97001F127B /* JNXSortedArray.h */ = {isa = PBXFileReference; fileEncoding = 4; lastKnownFileType = sourcecode.c.h; path = JNXSortedArray.h; sourceTree = "<group>"; };
		E086C26F26723D97001F127B /* rb.h */ = {isa = PBXFileReference; fileEncoding = 4; lastKnownFileType = sourcecode.c.h; path = rb.h; sourceTree = "<group>"; };
		E086C27026723D97001F127B /* JNXRedBlackTree.m */ = {isa = PBXFileReference; fileEncoding = 4; lastKnownFileType = sourcecode.c.objc; path = JNXRedBlackTree.m; sourceTree = "<group>"; };
		E086C27126723D97001F127B /* rb.c */ = {isa = PBXFileReference; fileEncoding = 4; lastKnownFileType = sourcecode.c.c; path = rb.c; sourceTree = "<group>"; };
		E086C27226723D97001F127B /* JNXRedBlackTree.h */ = {isa = PBXFileReference; fileEncoding = 4; lastKnownFileType = sourcecode.c.h; path = JNXRedBlackTree.h; sourceTree = "<group>"; };
		E086C27426723D97001F127B /* JNXMTQueue.m */ = {isa = PBXFileReference; fileEncoding = 4; lastKnownFileType = sourcecode.c.objc; path = JNXMTQueue.m; sourceTree = "<group>"; };
		E086C27526723D97001F127B /* JNXAdvancedDatedQueue.h */ = {isa = PBXFileReference; fileEncoding = 4; lastKnownFileType = sourcecode.c.h; path = JNXAdvancedDatedQueue.h; sourceTree = "<group>"; };
		E086C27626723D97001F127B /* JNXDatedQueue.h */ = {isa = PBXFileReference; fileEncoding = 4; lastKnownFileType = sourcecode.c.h; path = JNXDatedQueue.h; sourceTree = "<group>"; };
		E086C27726723D97001F127B /* JNXMTQueue.h */ = {isa = PBXFileReference; fileEncoding = 4; lastKnownFileType = sourcecode.c.h; path = JNXMTQueue.h; sourceTree = "<group>"; };
		E086C27826723D97001F127B /* JNXDatedQueue.m */ = {isa = PBXFileReference; fileEncoding = 4; lastKnownFileType = sourcecode.c.objc; path = JNXDatedQueue.m; sourceTree = "<group>"; };
		E086C27926723D97001F127B /* JNXAdvancedDatedQueue.m */ = {isa = PBXFileReference; fileEncoding = 4; lastKnownFileType = sourcecode.c.objc; path = JNXAdvancedDatedQueue.m; sourceTree = "<group>"; };
		E086C28726725AC8001F127B /* versionscript.perl */ = {isa = PBXFileReference; lastKnownFileType = text.script.perl; path = versionscript.perl; sourceTree = "<group>"; };
		E086C28826725AC8001F127B /* HOWTO.txt */ = {isa = PBXFileReference; lastKnownFileType = text; path = HOWTO.txt; sourceTree = "<group>"; };
		E086C28A26725AC8001F127B /* builddmgscript.perl */ = {isa = PBXFileReference; lastKnownFileType = text.script.perl; path = builddmgscript.perl; sourceTree = "<group>"; };
		E086C28C26725AC8001F127B /* SparkleWrapper.xml */ = {isa = PBXFileReference; lastKnownFileType = text.xml; path = SparkleWrapper.xml; sourceTree = "<group>"; };
		E086C28D26725AC8001F127B /* Release.txt */ = {isa = PBXFileReference; lastKnownFileType = text; path = Release.txt; sourceTree = "<group>"; };
		E086C28E26725AC8001F127B /* History.txt */ = {isa = PBXFileReference; lastKnownFileType = text; path = History.txt; sourceTree = "<group>"; };
		E086C29126725AEC001F127B /* JNXCrashReporter.Info.plist */ = {isa = PBXFileReference; lastKnownFileType = text.plist.xml; path = JNXCrashReporter.Info.plist; sourceTree = "<group>"; };
		E086C29226725AEC001F127B /* Info.plist.additions */ = {isa = PBXFileReference; lastKnownFileType = text; path = Info.plist.additions; sourceTree = "<group>"; };
		E086C29326725AEC001F127B /* JNXCrashReporter.m */ = {isa = PBXFileReference; lastKnownFileType = sourcecode.c.objc; path = JNXCrashReporter.m; sourceTree = "<group>"; };
		E086C29426725AEC001F127B /* JNXCrashReporter.h */ = {isa = PBXFileReference; lastKnownFileType = sourcecode.c.h; path = JNXCrashReporter.h; sourceTree = "<group>"; };
		E086C29726725AEC001F127B /* osversion.c */ = {isa = PBXFileReference; lastKnownFileType = sourcecode.c.c; path = osversion.c; sourceTree = "<group>"; };
		E086C29826725AEC001F127B /* osversion.h */ = {isa = PBXFileReference; lastKnownFileType = sourcecode.c.h; path = osversion.h; sourceTree = "<group>"; };
		E086C29C26725AEC001F127B /* ReleaseHistory */ = {isa = PBXFileReference; lastKnownFileType = text; path = ReleaseHistory; sourceTree = "<group>"; };
		E086C29D26725AEC001F127B /* README.rtf */ = {isa = PBXFileReference; lastKnownFileType = text.rtf; path = README.rtf; sourceTree = "<group>"; };
		E086C29E26725AEC001F127B /* JNXPasswordPanel_Prefix.pch */ = {isa = PBXFileReference; lastKnownFileType = sourcecode.c.h; path = JNXPasswordPanel_Prefix.pch; sourceTree = "<group>"; };
		E086C2A026725AEC001F127B /* English */ = {isa = PBXFileReference; lastKnownFileType = text.plist.strings; name = English; path = English.lproj/InfoPlist.strings; sourceTree = "<group>"; };
		E086C2A226725AEC001F127B /* English */ = {isa = PBXFileReference; lastKnownFileType = file.xib; name = English; path = English.lproj/MainMenu.xib; sourceTree = "<group>"; };
		E086C2A326725AEC001F127B /* JNXPasswordPanel.xcodeproj */ = {isa = PBXFileReference; lastKnownFileType = "wrapper.pb-project"; path = JNXPasswordPanel.xcodeproj; sourceTree = "<group>"; };
		E086C2A626725AEC001F127B /* TestingClass.h */ = {isa = PBXFileReference; lastKnownFileType = sourcecode.c.h; path = TestingClass.h; sourceTree = "<group>"; };
		E086C2A726725AEC001F127B /* JNXFree.framework */ = {isa = PBXFileReference; lastKnownFileType = wrapper.framework; path = JNXFree.framework; sourceTree = "<group>"; };
		E086C2A826725AEC001F127B /* TestPanel1.plist */ = {isa = PBXFileReference; lastKnownFileType = text.plist.xml; path = TestPanel1.plist; sourceTree = "<group>"; };
		E086C2A926725AEC001F127B /* main.m */ = {isa = PBXFileReference; lastKnownFileType = sourcecode.c.objc; path = main.m; sourceTree = "<group>"; };
		E086C2AA26725AEC001F127B /* TestingClass.m */ = {isa = PBXFileReference; lastKnownFileType = sourcecode.c.objc; path = TestingClass.m; sourceTree = "<group>"; };
		E086C2AB26725AEC001F127B /* Info.plist */ = {isa = PBXFileReference; lastKnownFileType = text.plist.xml; path = Info.plist; sourceTree = "<group>"; };
		E086C2AD26725AEC001F127B /* JNXPasswordPanel.h */ = {isa = PBXFileReference; lastKnownFileType = sourcecode.c.h; path = JNXPasswordPanel.h; sourceTree = "<group>"; };
		E086C2AE26725AEC001F127B /* JNXKeyChainPassword.h */ = {isa = PBXFileReference; lastKnownFileType = sourcecode.c.h; path = JNXKeyChainPassword.h; sourceTree = "<group>"; };
		E086C2AF26725AEC001F127B /* JNXPasswordPanel.xib */ = {isa = PBXFileReference; lastKnownFileType = file.xib; path = JNXPasswordPanel.xib; sourceTree = "<group>"; };
		E086C2B026725AEC001F127B /* JNXKeyChainPassword.m */ = {isa = PBXFileReference; lastKnownFileType = sourcecode.c.objc; path = JNXKeyChainPassword.m; sourceTree = "<group>"; };
		E086C2B126725AEC001F127B /* JNXPasswordPanel.m */ = {isa = PBXFileReference; lastKnownFileType = sourcecode.c.objc; path = JNXPasswordPanel.m; sourceTree = "<group>"; };
		E08BB18B2671D9F800DE6A05 /* README */ = {isa = PBXFileReference; fileEncoding = 4; lastKnownFileType = text; path = README; sourceTree = "<group>"; };
		E08BB18C2671D9F800DE6A05 /* JNXLog.h */ = {isa = PBXFileReference; fileEncoding = 4; lastKnownFileType = sourcecode.c.h; path = JNXLog.h; sourceTree = "<group>"; };
		E08BB1922671DA2500DE6A05 /* NSString+PercentEscape.m */ = {isa = PBXFileReference; fileEncoding = 4; lastKnownFileType = sourcecode.c.objc; path = "NSString+PercentEscape.m"; sourceTree = "<group>"; };
		E08BB1932671DA2500DE6A05 /* NSDictionary+KeyValueStringEncoding.h */ = {isa = PBXFileReference; fileEncoding = 4; lastKnownFileType = sourcecode.c.h; path = "NSDictionary+KeyValueStringEncoding.h"; sourceTree = "<group>"; };
		E08BB1942671DA2500DE6A05 /* NSData+ZlibAddition.m */ = {isa = PBXFileReference; fileEncoding = 4; lastKnownFileType = sourcecode.c.objc; path = "NSData+ZlibAddition.m"; sourceTree = "<group>"; };
		E08BB1952671DA2500DE6A05 /* NSData+ZlibAddition.h */ = {isa = PBXFileReference; fileEncoding = 4; lastKnownFileType = sourcecode.c.h; path = "NSData+ZlibAddition.h"; sourceTree = "<group>"; };
		E08BB1962671DA2500DE6A05 /* NSDictionary+KeyValueStringEncoding.m */ = {isa = PBXFileReference; fileEncoding = 4; lastKnownFileType = sourcecode.c.objc; path = "NSDictionary+KeyValueStringEncoding.m"; sourceTree = "<group>"; };
		E08BB1972671DA2500DE6A05 /* NSString+PercentEscape.h */ = {isa = PBXFileReference; fileEncoding = 4; lastKnownFileType = sourcecode.c.h; path = "NSString+PercentEscape.h"; sourceTree = "<group>"; };
		E0906522272BB276000C8B31 /* Framework.xcconfig */ = {isa = PBXFileReference; lastKnownFileType = text.xcconfig; path = Framework.xcconfig; sourceTree = "<group>"; };
		E0906523272BB708000C8B31 /* Framework.iOS.xcconfig */ = {isa = PBXFileReference; lastKnownFileType = text.xcconfig; path = Framework.iOS.xcconfig; sourceTree = "<group>"; };
		E0906524272BB721000C8B31 /* Framework.macOS.xcconfig */ = {isa = PBXFileReference; lastKnownFileType = text.xcconfig; path = Framework.macOS.xcconfig; sourceTree = "<group>"; };
		E0E4F485272C4C5B009702DA /* JNXFree.framework */ = {isa = PBXFileReference; explicitFileType = wrapper.framework; includeInIndex = 0; path = JNXFree.framework; sourceTree = BUILT_PRODUCTS_DIR; };
/* End PBXFileReference section */

/* Begin PBXFrameworksBuildPhase section */
		E0E4F482272C4C5B009702DA /* Frameworks */ = {
			isa = PBXFrameworksBuildPhase;
			buildActionMask = 2147483647;
			files = (
			);
			runOnlyForDeploymentPostprocessing = 0;
		};
/* End PBXFrameworksBuildPhase section */

/* Begin PBXGroup section */
		E011C316272BDB450081B578 /* JNXFramework */ = {
			isa = PBXGroup;
			children = (
				E0906522272BB276000C8B31 /* Framework.xcconfig */,
				E0906523272BB708000C8B31 /* Framework.iOS.xcconfig */,
				E0906524272BB721000C8B31 /* Framework.macOS.xcconfig */,
			);
			path = JNXFramework;
			sourceTree = "<group>";
		};
		E0838A992671D7E300B5C678 = {
			isa = PBXGroup;
			children = (
				E086C26926723C7E001F127B /* Sources */,
				E086C28626725AC8001F127B /* XcodeScripts */,
				E011C316272BDB450081B578 /* JNXFramework */,
				E0FAEF9627229B2A004738B8 /* Frameworks */,
				E0E4F485272C4C5B009702DA /* JNXFree.framework */,
			);
			sourceTree = "<group>";
		};
		E086C26926723C7E001F127B /* Sources */ = {
			isa = PBXGroup;
			children = (
				E086C25C26723B71001F127B /* JNXFree.h */,
				E086C26A26723D97001F127B /* Foundation */,
				E086C28F26725AEC001F127B /* MacOS */,
			);
			path = Sources;
			sourceTree = "<group>";
		};
		E086C26A26723D97001F127B /* Foundation */ = {
			isa = PBXGroup;
			children = (
				E08BB18A2671D9F800DE6A05 /* JLog */,
				E08BB1912671DA2500DE6A05 /* Categories */,
				E086C26B26723D97001F127B /* SortedArray */,
				E086C26E26723D97001F127B /* RedBlackTree */,
				E086C27326723D97001F127B /* Queues */,
			);
			path = Foundation;
			sourceTree = "<group>";
		};
		E086C26B26723D97001F127B /* SortedArray */ = {
			isa = PBXGroup;
			children = (
				E086C26D26723D97001F127B /* JNXSortedArray.h */,
				E086C26C26723D97001F127B /* JNXSortedArray.m */,
			);
			path = SortedArray;
			sourceTree = "<group>";
		};
		E086C26E26723D97001F127B /* RedBlackTree */ = {
			isa = PBXGroup;
			children = (
				E086C27526723D97001F127B /* JNXAdvancedDatedQueue.h */,
				E086C26F26723D97001F127B /* rb.h */,
				E086C27126723D97001F127B /* rb.c */,
				E086C27226723D97001F127B /* JNXRedBlackTree.h */,
				E086C27026723D97001F127B /* JNXRedBlackTree.m */,
			);
			path = RedBlackTree;
			sourceTree = "<group>";
		};
		E086C27326723D97001F127B /* Queues */ = {
			isa = PBXGroup;
			children = (
				E086C27926723D97001F127B /* JNXAdvancedDatedQueue.m */,
				E086C27626723D97001F127B /* JNXDatedQueue.h */,
				E086C27826723D97001F127B /* JNXDatedQueue.m */,
				E086C27726723D97001F127B /* JNXMTQueue.h */,
				E086C27426723D97001F127B /* JNXMTQueue.m */,
			);
			path = Queues;
			sourceTree = "<group>";
		};
		E086C28626725AC8001F127B /* XcodeScripts */ = {
			isa = PBXGroup;
			children = (
				E086C28726725AC8001F127B /* versionscript.perl */,
				E086C28826725AC8001F127B /* HOWTO.txt */,
				E086C28926725AC8001F127B /* BuildDMG */,
			);
			path = XcodeScripts;
			sourceTree = "<group>";
		};
		E086C28926725AC8001F127B /* BuildDMG */ = {
			isa = PBXGroup;
			children = (
				E086C28A26725AC8001F127B /* builddmgscript.perl */,
				E086C28B26725AC8001F127B /* ReleaseHistory */,
			);
			path = BuildDMG;
			sourceTree = "<group>";
		};
		E086C28B26725AC8001F127B /* ReleaseHistory */ = {
			isa = PBXGroup;
			children = (
				E086C28C26725AC8001F127B /* SparkleWrapper.xml */,
				E086C28D26725AC8001F127B /* Release.txt */,
				E086C28E26725AC8001F127B /* History.txt */,
			);
			path = ReleaseHistory;
			sourceTree = "<group>";
		};
		E086C28F26725AEC001F127B /* MacOS */ = {
			isa = PBXGroup;
			children = (
				E086C29026725AEC001F127B /* CrashReporter */,
				E086C29526725AEC001F127B /* System */,
				E086C29926725AEC001F127B /* Examples */,
				E086C2AC26725AEC001F127B /* PasswordPanel */,
			);
			path = MacOS;
			sourceTree = "<group>";
		};
		E086C29026725AEC001F127B /* CrashReporter */ = {
			isa = PBXGroup;
			children = (
				E086C29126725AEC001F127B /* JNXCrashReporter.Info.plist */,
				E086C29226725AEC001F127B /* Info.plist.additions */,
				E086C29426725AEC001F127B /* JNXCrashReporter.h */,
				E086C29326725AEC001F127B /* JNXCrashReporter.m */,
			);
			path = CrashReporter;
			sourceTree = "<group>";
		};
		E086C29526725AEC001F127B /* System */ = {
			isa = PBXGroup;
			children = (
				E086C29626725AEC001F127B /* osversion */,
			);
			path = System;
			sourceTree = "<group>";
		};
		E086C29626725AEC001F127B /* osversion */ = {
			isa = PBXGroup;
			children = (
				E086C29726725AEC001F127B /* osversion.c */,
				E086C29826725AEC001F127B /* osversion.h */,
			);
			path = osversion;
			sourceTree = "<group>";
		};
		E086C29926725AEC001F127B /* Examples */ = {
			isa = PBXGroup;
			children = (
				E086C29A26725AEC001F127B /* JNXPasswordPanel */,
			);
			path = Examples;
			sourceTree = "<group>";
		};
		E086C29A26725AEC001F127B /* JNXPasswordPanel */ = {
			isa = PBXGroup;
			children = (
				E086C29B26725AEC001F127B /* Other Resources */,
				E086C29E26725AEC001F127B /* JNXPasswordPanel_Prefix.pch */,
				E086C29F26725AEC001F127B /* InfoPlist.strings */,
				E086C2A126725AEC001F127B /* MainMenu.xib */,
				E086C2A326725AEC001F127B /* JNXPasswordPanel.xcodeproj */,
				E086C2A626725AEC001F127B /* TestingClass.h */,
				E086C2A726725AEC001F127B /* JNXFree.framework */,
				E086C2A826725AEC001F127B /* TestPanel1.plist */,
				E086C2A926725AEC001F127B /* main.m */,
				E086C2AA26725AEC001F127B /* TestingClass.m */,
				E086C2AB26725AEC001F127B /* Info.plist */,
			);
			path = JNXPasswordPanel;
			sourceTree = "<group>";
		};
		E086C29B26725AEC001F127B /* Other Resources */ = {
			isa = PBXGroup;
			children = (
				E086C29C26725AEC001F127B /* ReleaseHistory */,
				E086C29D26725AEC001F127B /* README.rtf */,
			);
			path = "Other Resources";
			sourceTree = "<group>";
		};
		E086C2A426725AEC001F127B /* Products */ = {
			isa = PBXGroup;
			children = (
				E086C2B526725AEC001F127B /* JNXPasswordPanel.app */,
			);
			name = Products;
			sourceTree = "<group>";
		};
		E086C2AC26725AEC001F127B /* PasswordPanel */ = {
			isa = PBXGroup;
			children = (
				E086C2AD26725AEC001F127B /* JNXPasswordPanel.h */,
				E086C2AE26725AEC001F127B /* JNXKeyChainPassword.h */,
				E086C2AF26725AEC001F127B /* JNXPasswordPanel.xib */,
				E086C2B026725AEC001F127B /* JNXKeyChainPassword.m */,
				E086C2B126725AEC001F127B /* JNXPasswordPanel.m */,
			);
			path = PasswordPanel;
			sourceTree = "<group>";
		};
		E08BB18A2671D9F800DE6A05 /* JLog */ = {
			isa = PBXGroup;
			children = (
				E08BB18C2671D9F800DE6A05 /* JNXLog.h */,
				E08BB18B2671D9F800DE6A05 /* README */,
			);
			path = JLog;
			sourceTree = "<group>";
		};
		E08BB1912671DA2500DE6A05 /* Categories */ = {
			isa = PBXGroup;
			children = (
				E08BB1952671DA2500DE6A05 /* NSData+ZlibAddition.h */,
				E08BB1942671DA2500DE6A05 /* NSData+ZlibAddition.m */,
				E08BB1932671DA2500DE6A05 /* NSDictionary+KeyValueStringEncoding.h */,
				E08BB1962671DA2500DE6A05 /* NSDictionary+KeyValueStringEncoding.m */,
				E08BB1972671DA2500DE6A05 /* NSString+PercentEscape.h */,
				E08BB1922671DA2500DE6A05 /* NSString+PercentEscape.m */,
			);
			path = Categories;
			sourceTree = "<group>";
		};
		E0FAEF9627229B2A004738B8 /* Frameworks */ = {
			isa = PBXGroup;
			children = (
			);
			name = Frameworks;
			sourceTree = "<group>";
		};
/* End PBXGroup section */

/* Begin PBXHeadersBuildPhase section */
		E0E4F480272C4C5B009702DA /* Headers */ = {
			isa = PBXHeadersBuildPhase;
			buildActionMask = 2147483647;
			files = (
				E0E4F495272C4E6E009702DA /* JNXCrashReporter.h in Headers */,
				E0E4F49C272C4E6E009702DA /* osversion.h in Headers */,
				E00CF7D2272D1F6000013F45 /* JNXMTQueue.h in Headers */,
				E0E4F49E272C4E6E009702DA /* JNXKeyChainPassword.h in Headers */,
				E0E4F48F272C4E6E009702DA /* JNXLog.h in Headers */,
				E0E4F494272C4E6E009702DA /* NSDictionary+KeyValueStringEncoding.h in Headers */,
				E0E4F49A272C4E6E009702DA /* JNXPasswordPanel.h in Headers */,
				E0E4F498272C4E6E009702DA /* NSString+PercentEscape.h in Headers */,
				E0E4F499272C4E6E009702DA /* NSData+ZlibAddition.h in Headers */,
				E0E4F48B272C4DB7009702DA /* JNXFree.h in Headers */,
			);
			runOnlyForDeploymentPostprocessing = 0;
		};
/* End PBXHeadersBuildPhase section */

/* Begin PBXNativeTarget section */
		E0E4F484272C4C5B009702DA /* JNXFree */ = {
			isa = PBXNativeTarget;
			buildConfigurationList = E0E4F489272C4C5B009702DA /* Build configuration list for PBXNativeTarget "JNXFree" */;
			buildPhases = (
				E0E4F480272C4C5B009702DA /* Headers */,
				E0E4F481272C4C5B009702DA /* Sources */,
				E0E4F482272C4C5B009702DA /* Frameworks */,
				E0E4F483272C4C5B009702DA /* Resources */,
			);
			buildRules = (
			);
			dependencies = (
			);
			name = JNXFree;
			productName = JNXFree;
			productReference = E0E4F485272C4C5B009702DA /* JNXFree.framework */;
			productType = "com.apple.product-type.framework";
		};
/* End PBXNativeTarget section */

/* Begin PBXProject section */
		E0838A9A2671D7E300B5C678 /* Project object */ = {
			isa = PBXProject;
			attributes = {
				LastUpgradeCheck = 1250;
				TargetAttributes = {
					E0E4F484272C4C5B009702DA = {
						CreatedOnToolsVersion = 13.1;
					};
				};
			};
			buildConfigurationList = E0838A9D2671D7E300B5C678 /* Build configuration list for PBXProject "JNXFree" */;
			compatibilityVersion = "Xcode 9.3";
			developmentRegion = en;
			hasScannedForEncodings = 0;
			knownRegions = (
				en,
				Base,
				English,
			);
			mainGroup = E0838A992671D7E300B5C678;
			productRefGroup = E0838A992671D7E300B5C678;
			projectDirPath = "";
			projectReferences = (
				{
					ProductGroup = E086C2A426725AEC001F127B /* Products */;
					ProjectRef = E086C2A326725AEC001F127B /* JNXPasswordPanel.xcodeproj */;
				},
			);
			projectRoot = "";
			targets = (
				E0E4F484272C4C5B009702DA /* JNXFree */,
			);
		};
/* End PBXProject section */

/* Begin PBXReferenceProxy section */
		E086C2B526725AEC001F127B /* JNXPasswordPanel.app */ = {
			isa = PBXReferenceProxy;
			fileType = wrapper.application;
			path = JNXPasswordPanel.app;
			remoteRef = E086C2B426725AEC001F127B /* PBXContainerItemProxy */;
			sourceTree = BUILT_PRODUCTS_DIR;
		};
/* End PBXReferenceProxy section */

/* Begin PBXResourcesBuildPhase section */
		E0E4F483272C4C5B009702DA /* Resources */ = {
			isa = PBXResourcesBuildPhase;
			buildActionMask = 2147483647;
			files = (
				E0E4F490272C4E6E009702DA /* JNXPasswordPanel.xib in Resources */,
			);
			runOnlyForDeploymentPostprocessing = 0;
		};
/* End PBXResourcesBuildPhase section */

/* Begin PBXSourcesBuildPhase section */
		E0E4F481272C4C5B009702DA /* Sources */ = {
			isa = PBXSourcesBuildPhase;
			buildActionMask = 2147483647;
			files = (
				E0E4F492272C4E6E009702DA /* JNXPasswordPanel.m in Sources */,
				E0E4F491272C4E6E009702DA /* JNXKeyChainPassword.m in Sources */,
				E0E4F496272C4E6E009702DA /* NSDictionary+KeyValueStringEncoding.m in Sources */,
				E0E4F49B272C4E6E009702DA /* JNXCrashReporter.m in Sources */,
				E0E4F497272C4E6E009702DA /* NSString+PercentEscape.m in Sources */,
				E00CF7D3272D1F6000013F45 /* JNXMTQueue.m in Sources */,
				E0E4F49D272C4E6E009702DA /* NSData+ZlibAddition.m in Sources */,
				E0E4F493272C4E6E009702DA /* osversion.c in Sources */,
			);
			runOnlyForDeploymentPostprocessing = 0;
		};
/* End PBXSourcesBuildPhase section */

/* Begin PBXVariantGroup section */
		E086C29F26725AEC001F127B /* InfoPlist.strings */ = {
			isa = PBXVariantGroup;
			children = (
				E086C2A026725AEC001F127B /* English */,
			);
			name = InfoPlist.strings;
			sourceTree = "<group>";
		};
		E086C2A126725AEC001F127B /* MainMenu.xib */ = {
			isa = PBXVariantGroup;
			children = (
				E086C2A226725AEC001F127B /* English */,
			);
			name = MainMenu.xib;
			sourceTree = "<group>";
		};
/* End PBXVariantGroup section */

/* Begin XCBuildConfiguration section */
		E00CF798272D0FA100013F45 /* Release */ = {
			isa = XCBuildConfiguration;
			baseConfigurationReference = E0906522272BB276000C8B31 /* Framework.xcconfig */;
			buildSettings = {
				PRODUCT_NAME = JNXFree;
			};
			name = Release;
		};
		E00CF799272D0FA100013F45 /* Release */ = {
			isa = XCBuildConfiguration;
			baseConfigurationReference = E0906524272BB721000C8B31 /* Framework.macOS.xcconfig */;
			buildSettings = {
				INFOPLIST_KEY_NSHumanReadableCopyright = "© Patrick Stein";
			};
			name = Release;
		};
		E0838AA92671D7E300B5C678 /* Debug */ = {
			isa = XCBuildConfiguration;
			baseConfigurationReference = E0906522272BB276000C8B31 /* Framework.xcconfig */;
			buildSettings = {
				PRODUCT_NAME = JNXFree;
			};
			name = Debug;
		};
		E0E4F48A272C4C5B009702DA /* Debug */ = {
			isa = XCBuildConfiguration;
			baseConfigurationReference = E0906524272BB721000C8B31 /* Framework.macOS.xcconfig */;
			buildSettings = {
				INFOPLIST_KEY_NSHumanReadableCopyright = "© Patrick Stein";
			};
			name = Debug;
		};
/* End XCBuildConfiguration section */

/* Begin XCConfigurationList section */
		E0838A9D2671D7E300B5C678 /* Build configuration list for PBXProject "JNXFree" */ = {
			isa = XCConfigurationList;
			buildConfigurations = (
				E0838AA92671D7E300B5C678 /* Debug */,
				E00CF798272D0FA100013F45 /* Release */,
			);
			defaultConfigurationIsVisible = 0;
			defaultConfigurationName = Debug;
		};
		E0E4F489272C4C5B009702DA /* Build configuration list for PBXNativeTarget "JNXFree" */ = {
			isa = XCConfigurationList;
			buildConfigurations = (
				E0E4F48A272C4C5B009702DA /* Debug */,
				E00CF799272D0FA100013F45 /* Release */,
			);
			defaultConfigurationIsVisible = 0;
			defaultConfigurationName = Debug;
		};
/* End XCConfigurationList section */
	};
	rootObject = E0838A9A2671D7E300B5C678 /* Project object */;
}
