// !$*UTF8*$!
{
	archiveVersion = 1;
	classes = {
	};
	objectVersion = 45;
	objects = {

/* Begin PBXAggregateTarget section */
		E0A42DEF0F38A7D9006ECF9B /* Build ReleaseDMG */ = {
			isa = PBXAggregateTarget;
			buildConfigurationList = E0A42DFB0F38A7EB006ECF9B /* Build configuration list for PBXAggregateTarget "Build ReleaseDMG" */;
			buildPhases = (
				E0A42E030F38A853006ECF9B /* builddmgscript.perl */,
			);
			dependencies = (
				E0A42DF30F38A7E2006ECF9B /* PBXTargetDependency */,
			);
			name = "Build ReleaseDMG";
			productName = "Build ReleaseDMG";
		};
/* End PBXAggregateTarget section */

/* Begin PBXBuildFile section */
		1DDD58160DA1D0A300B32029 /* MainMenu.xib in Resources */ = {isa = PBXBuildFile; fileRef = 1DDD58140DA1D0A300B32029 /* MainMenu.xib */; };
		8D11072B0486CEB800E47090 /* InfoPlist.strings in Resources */ = {isa = PBXBuildFile; fileRef = 089C165CFE840E0CC02AAC07 /* InfoPlist.strings */; };
		8D11072D0486CEB800E47090 /* main.m in Sources */ = {isa = PBXBuildFile; fileRef = 29B97316FDCFA39411CA2CEA /* main.m */; settings = {ATTRIBUTES = (); }; };
		8D11072F0486CEB800E47090 /* Cocoa.framework in Frameworks */ = {isa = PBXBuildFile; fileRef = 1058C7A1FEA54F0111CA2CBB /* Cocoa.framework */; };
		E055FE530F1530AD007C8E6A /* TestPanel1.plist in Resources */ = {isa = PBXBuildFile; fileRef = E055FE520F1530AD007C8E6A /* TestPanel1.plist */; };
		E07C99E20F14F73D00DDCA7F /* Security.framework in Frameworks */ = {isa = PBXBuildFile; fileRef = E07C99E10F14F73D00DDCA7F /* Security.framework */; };
		E07C9A900F1518E500DDCA7F /* TestingClass.m in Sources */ = {isa = PBXBuildFile; fileRef = E07C9A8F0F1518E500DDCA7F /* TestingClass.m */; };
		E0A42DDD0F38A7B0006ECF9B /* README.rtf in CopyFiles */ = {isa = PBXBuildFile; fileRef = E0A42DD60F38A658006ECF9B /* README.rtf */; };
		E0A58BB50FA9B77C002DEDB4 /* JNXCrashReporter.m in Sources */ = {isa = PBXBuildFile; fileRef = E0A58BB30FA9B77C002DEDB4 /* JNXCrashReporter.m */; };
		E0A58C6B0FA9C1B5002DEDB4 /* JNXKeyChainPassword.m in Sources */ = {isa = PBXBuildFile; fileRef = E0A58C630FA9C1B5002DEDB4 /* JNXKeyChainPassword.m */; };
		E0A58C6C0FA9C1B5002DEDB4 /* JNXPasswordPanel.m in Sources */ = {isa = PBXBuildFile; fileRef = E0A58C650FA9C1B5002DEDB4 /* JNXPasswordPanel.m */; };
		E0A58C6D0FA9C1B5002DEDB4 /* JNXPasswordPanel.xib in Resources */ = {isa = PBXBuildFile; fileRef = E0A58C660FA9C1B5002DEDB4 /* JNXPasswordPanel.xib */; };
		E0A58C6E0FA9C1B5002DEDB4 /* NSDictionary+KeyValueStringEncoding.m in Sources */ = {isa = PBXBuildFile; fileRef = E0A58C680FA9C1B5002DEDB4 /* NSDictionary+KeyValueStringEncoding.m */; };
		E0A58C6F0FA9C1B5002DEDB4 /* NSString+PercentEscape.m in Sources */ = {isa = PBXBuildFile; fileRef = E0A58C6A0FA9C1B5002DEDB4 /* NSString+PercentEscape.m */; };
/* End PBXBuildFile section */

/* Begin PBXContainerItemProxy section */
		E0A42DF20F38A7E2006ECF9B /* PBXContainerItemProxy */ = {
			isa = PBXContainerItemProxy;
			containerPortal = 29B97313FDCFA39411CA2CEA /* Project object */;
			proxyType = 1;
			remoteGlobalIDString = 8D1107260486CEB800E47090;
			remoteInfo = JNXPasswordPanel;
		};
/* End PBXContainerItemProxy section */

/* Begin PBXCopyFilesBuildPhase section */
		E0A42DEE0F38A7B4006ECF9B /* CopyFiles */ = {
			isa = PBXCopyFilesBuildPhase;
			buildActionMask = 2147483647;
			dstPath = "";
			dstSubfolderSpec = 16;
			files = (
				E0A42DDD0F38A7B0006ECF9B /* README.rtf in CopyFiles */,
			);
			runOnlyForDeploymentPostprocessing = 0;
		};
/* End PBXCopyFilesBuildPhase section */

/* Begin PBXFileReference section */
		089C165DFE840E0CC02AAC07 /* English */ = {isa = PBXFileReference; fileEncoding = 10; lastKnownFileType = text.plist.strings; name = English; path = English.lproj/InfoPlist.strings; sourceTree = "<group>"; };
		1058C7A1FEA54F0111CA2CBB /* Cocoa.framework */ = {isa = PBXFileReference; lastKnownFileType = wrapper.framework; name = Cocoa.framework; path = /System/Library/Frameworks/Cocoa.framework; sourceTree = "<absolute>"; };
		13E42FB307B3F0F600E4EEF1 /* CoreData.framework */ = {isa = PBXFileReference; lastKnownFileType = wrapper.framework; name = CoreData.framework; path = /System/Library/Frameworks/CoreData.framework; sourceTree = "<absolute>"; };
		1DDD58150DA1D0A300B32029 /* English */ = {isa = PBXFileReference; lastKnownFileType = file.xib; name = English; path = English.lproj/MainMenu.xib; sourceTree = "<group>"; };
		29B97316FDCFA39411CA2CEA /* main.m */ = {isa = PBXFileReference; fileEncoding = 4; lastKnownFileType = sourcecode.c.objc; path = main.m; sourceTree = "<group>"; };
		29B97324FDCFA39411CA2CEA /* AppKit.framework */ = {isa = PBXFileReference; lastKnownFileType = wrapper.framework; name = AppKit.framework; path = /System/Library/Frameworks/AppKit.framework; sourceTree = "<absolute>"; };
		29B97325FDCFA39411CA2CEA /* Foundation.framework */ = {isa = PBXFileReference; lastKnownFileType = wrapper.framework; name = Foundation.framework; path = /System/Library/Frameworks/Foundation.framework; sourceTree = "<absolute>"; };
		32CA4F630368D1EE00C91783 /* JNXPasswordPanel_Prefix.pch */ = {isa = PBXFileReference; fileEncoding = 4; lastKnownFileType = sourcecode.c.h; path = JNXPasswordPanel_Prefix.pch; sourceTree = "<group>"; };
		8D1107310486CEB800E47090 /* Info.plist */ = {isa = PBXFileReference; fileEncoding = 4; lastKnownFileType = text.plist.xml; path = Info.plist; sourceTree = "<group>"; };
		8D1107320486CEB800E47090 /* JNXPasswordPanel.app */ = {isa = PBXFileReference; explicitFileType = wrapper.application; includeInIndex = 0; path = JNXPasswordPanel.app; sourceTree = BUILT_PRODUCTS_DIR; };
		E055FE520F1530AD007C8E6A /* TestPanel1.plist */ = {isa = PBXFileReference; fileEncoding = 4; lastKnownFileType = text.plist.xml; path = TestPanel1.plist; sourceTree = "<group>"; };
		E07C99E10F14F73D00DDCA7F /* Security.framework */ = {isa = PBXFileReference; lastKnownFileType = wrapper.framework; name = Security.framework; path = /System/Library/Frameworks/Security.framework; sourceTree = "<absolute>"; };
		E07C9A8E0F1518E500DDCA7F /* TestingClass.h */ = {isa = PBXFileReference; fileEncoding = 4; lastKnownFileType = sourcecode.c.h; path = TestingClass.h; sourceTree = "<group>"; };
		E07C9A8F0F1518E500DDCA7F /* TestingClass.m */ = {isa = PBXFileReference; fileEncoding = 4; lastKnownFileType = sourcecode.c.objc; path = TestingClass.m; sourceTree = "<group>"; };
		E0A42DD60F38A658006ECF9B /* README.rtf */ = {isa = PBXFileReference; lastKnownFileType = text.rtf; name = README.rtf; path = "Other Resources/README.rtf"; sourceTree = "<group>"; };
		E0A42DD80F38A658006ECF9B /* Release.txt */ = {isa = PBXFileReference; fileEncoding = 12; lastKnownFileType = text; path = Release.txt; sourceTree = "<group>"; };
		E0A42DD90F38A658006ECF9B /* History.txt */ = {isa = PBXFileReference; fileEncoding = 12; lastKnownFileType = text; path = History.txt; sourceTree = "<group>"; };
		E0A42DDA0F38A658006ECF9B /* SparkleWrapper.xml */ = {isa = PBXFileReference; fileEncoding = 12; lastKnownFileType = text.xml; path = SparkleWrapper.xml; sourceTree = "<group>"; };
		E0A58BB20FA9B77C002DEDB4 /* JNXCrashReporter.h */ = {isa = PBXFileReference; fileEncoding = 12; lastKnownFileType = sourcecode.c.h; path = JNXCrashReporter.h; sourceTree = "<group>"; };
		E0A58BB30FA9B77C002DEDB4 /* JNXCrashReporter.m */ = {isa = PBXFileReference; fileEncoding = 12; lastKnownFileType = sourcecode.c.objc; path = JNXCrashReporter.m; sourceTree = "<group>"; };
		E0A58C620FA9C1B5002DEDB4 /* JNXKeyChainPassword.h */ = {isa = PBXFileReference; fileEncoding = 12; lastKnownFileType = sourcecode.c.h; path = JNXKeyChainPassword.h; sourceTree = "<group>"; };
		E0A58C630FA9C1B5002DEDB4 /* JNXKeyChainPassword.m */ = {isa = PBXFileReference; fileEncoding = 12; lastKnownFileType = sourcecode.c.objc; path = JNXKeyChainPassword.m; sourceTree = "<group>"; };
		E0A58C640FA9C1B5002DEDB4 /* JNXPasswordPanel.h */ = {isa = PBXFileReference; fileEncoding = 12; lastKnownFileType = sourcecode.c.h; path = JNXPasswordPanel.h; sourceTree = "<group>"; };
		E0A58C650FA9C1B5002DEDB4 /* JNXPasswordPanel.m */ = {isa = PBXFileReference; fileEncoding = 12; lastKnownFileType = sourcecode.c.objc; path = JNXPasswordPanel.m; sourceTree = "<group>"; };
		E0A58C660FA9C1B5002DEDB4 /* JNXPasswordPanel.xib */ = {isa = PBXFileReference; lastKnownFileType = file.xib; path = JNXPasswordPanel.xib; sourceTree = "<group>"; };
		E0A58C670FA9C1B5002DEDB4 /* NSDictionary+KeyValueStringEncoding.h */ = {isa = PBXFileReference; fileEncoding = 12; lastKnownFileType = sourcecode.c.h; path = "NSDictionary+KeyValueStringEncoding.h"; sourceTree = "<group>"; };
		E0A58C680FA9C1B5002DEDB4 /* NSDictionary+KeyValueStringEncoding.m */ = {isa = PBXFileReference; fileEncoding = 12; lastKnownFileType = sourcecode.c.objc; path = "NSDictionary+KeyValueStringEncoding.m"; sourceTree = "<group>"; };
		E0A58C690FA9C1B5002DEDB4 /* NSString+PercentEscape.h */ = {isa = PBXFileReference; fileEncoding = 12; lastKnownFileType = sourcecode.c.h; path = "NSString+PercentEscape.h"; sourceTree = "<group>"; };
		E0A58C6A0FA9C1B5002DEDB4 /* NSString+PercentEscape.m */ = {isa = PBXFileReference; fileEncoding = 12; lastKnownFileType = sourcecode.c.objc; path = "NSString+PercentEscape.m"; sourceTree = "<group>"; };
/* End PBXFileReference section */

/* Begin PBXFrameworksBuildPhase section */
		8D11072E0486CEB800E47090 /* Frameworks */ = {
			isa = PBXFrameworksBuildPhase;
			buildActionMask = 2147483647;
			files = (
				8D11072F0486CEB800E47090 /* Cocoa.framework in Frameworks */,
				E07C99E20F14F73D00DDCA7F /* Security.framework in Frameworks */,
			);
			runOnlyForDeploymentPostprocessing = 0;
		};
/* End PBXFrameworksBuildPhase section */

/* Begin PBXGroup section */
		080E96DDFE201D6D7F000001 /* Classes */ = {
			isa = PBXGroup;
			children = (
				E07C9A8E0F1518E500DDCA7F /* TestingClass.h */,
				E07C9A8F0F1518E500DDCA7F /* TestingClass.m */,
				E0A58BB00FA9B77C002DEDB4 /* CrashReporter */,
			);
			name = Classes;
			sourceTree = "<group>";
		};
		1058C7A0FEA54F0111CA2CBB /* Linked Frameworks */ = {
			isa = PBXGroup;
			children = (
				E07C99E10F14F73D00DDCA7F /* Security.framework */,
				1058C7A1FEA54F0111CA2CBB /* Cocoa.framework */,
			);
			name = "Linked Frameworks";
			sourceTree = "<group>";
		};
		1058C7A2FEA54F0111CA2CBB /* Other Frameworks */ = {
			isa = PBXGroup;
			children = (
				29B97324FDCFA39411CA2CEA /* AppKit.framework */,
				13E42FB307B3F0F600E4EEF1 /* CoreData.framework */,
				29B97325FDCFA39411CA2CEA /* Foundation.framework */,
			);
			name = "Other Frameworks";
			sourceTree = "<group>";
		};
		19C28FACFE9D520D11CA2CBB /* Products */ = {
			isa = PBXGroup;
			children = (
				8D1107320486CEB800E47090 /* JNXPasswordPanel.app */,
			);
			name = Products;
			sourceTree = "<group>";
		};
		29B97314FDCFA39411CA2CEA /* JNXPasswordPanel */ = {
			isa = PBXGroup;
			children = (
				080E96DDFE201D6D7F000001 /* Classes */,
				E0A58C610FA9C1B5002DEDB4 /* PasswordPanel */,
				29B97315FDCFA39411CA2CEA /* Other Sources */,
				E0A42DD50F38A658006ECF9B /* Other Resources */,
				29B97317FDCFA39411CA2CEA /* Resources */,
				29B97323FDCFA39411CA2CEA /* Frameworks */,
				19C28FACFE9D520D11CA2CBB /* Products */,
			);
			name = JNXPasswordPanel;
			sourceTree = "<group>";
		};
		29B97315FDCFA39411CA2CEA /* Other Sources */ = {
			isa = PBXGroup;
			children = (
				32CA4F630368D1EE00C91783 /* JNXPasswordPanel_Prefix.pch */,
				29B97316FDCFA39411CA2CEA /* main.m */,
			);
			name = "Other Sources";
			sourceTree = "<group>";
		};
		29B97317FDCFA39411CA2CEA /* Resources */ = {
			isa = PBXGroup;
			children = (
				E055FE520F1530AD007C8E6A /* TestPanel1.plist */,
				8D1107310486CEB800E47090 /* Info.plist */,
				089C165CFE840E0CC02AAC07 /* InfoPlist.strings */,
				1DDD58140DA1D0A300B32029 /* MainMenu.xib */,
			);
			name = Resources;
			sourceTree = "<group>";
		};
		29B97323FDCFA39411CA2CEA /* Frameworks */ = {
			isa = PBXGroup;
			children = (
				1058C7A0FEA54F0111CA2CBB /* Linked Frameworks */,
				1058C7A2FEA54F0111CA2CBB /* Other Frameworks */,
			);
			name = Frameworks;
			sourceTree = "<group>";
		};
		E0A42DD50F38A658006ECF9B /* Other Resources */ = {
			isa = PBXGroup;
			children = (
				E0A42DD60F38A658006ECF9B /* README.rtf */,
				E0A42DD70F38A658006ECF9B /* ReleaseHistory */,
			);
			name = "Other Resources";
			sourceTree = "<group>";
		};
		E0A42DD70F38A658006ECF9B /* ReleaseHistory */ = {
			isa = PBXGroup;
			children = (
				E0A42DD80F38A658006ECF9B /* Release.txt */,
				E0A42DD90F38A658006ECF9B /* History.txt */,
				E0A42DDA0F38A658006ECF9B /* SparkleWrapper.xml */,
			);
			name = ReleaseHistory;
			path = "Other Resources/ReleaseHistory";
			sourceTree = "<group>";
		};
		E0A58BB00FA9B77C002DEDB4 /* CrashReporter */ = {
			isa = PBXGroup;
			children = (
				E0A58BB20FA9B77C002DEDB4 /* JNXCrashReporter.h */,
				E0A58BB30FA9B77C002DEDB4 /* JNXCrashReporter.m */,
			);
			name = CrashReporter;
			path = ../../Cocoa/CrashReporter;
			sourceTree = SOURCE_ROOT;
		};
		E0A58C610FA9C1B5002DEDB4 /* PasswordPanel */ = {
			isa = PBXGroup;
			children = (
				E0A58C620FA9C1B5002DEDB4 /* JNXKeyChainPassword.h */,
				E0A58C630FA9C1B5002DEDB4 /* JNXKeyChainPassword.m */,
				E0A58C640FA9C1B5002DEDB4 /* JNXPasswordPanel.h */,
				E0A58C650FA9C1B5002DEDB4 /* JNXPasswordPanel.m */,
				E0A58C660FA9C1B5002DEDB4 /* JNXPasswordPanel.xib */,
				E0A58C670FA9C1B5002DEDB4 /* NSDictionary+KeyValueStringEncoding.h */,
				E0A58C680FA9C1B5002DEDB4 /* NSDictionary+KeyValueStringEncoding.m */,
				E0A58C690FA9C1B5002DEDB4 /* NSString+PercentEscape.h */,
				E0A58C6A0FA9C1B5002DEDB4 /* NSString+PercentEscape.m */,
			);
			name = PasswordPanel;
			path = ../../Cocoa/PasswordPanel;
			sourceTree = SOURCE_ROOT;
		};
/* End PBXGroup section */

/* Begin PBXNativeTarget section */
		8D1107260486CEB800E47090 /* JNXPasswordPanel */ = {
			isa = PBXNativeTarget;
			buildConfigurationList = C01FCF4A08A954540054247B /* Build configuration list for PBXNativeTarget "JNXPasswordPanel" */;
			buildPhases = (
				8D1107290486CEB800E47090 /* Resources */,
				8D11072C0486CEB800E47090 /* Sources */,
				E0A42DFD0F38A812006ECF9B /* versionscript.perl */,
				8D11072E0486CEB800E47090 /* Frameworks */,
				E0A42DEE0F38A7B4006ECF9B /* CopyFiles */,
			);
			buildRules = (
			);
			dependencies = (
			);
			name = JNXPasswordPanel;
			productInstallPath = "$(HOME)/Applications";
			productName = JNXPasswordPanel;
			productReference = 8D1107320486CEB800E47090 /* JNXPasswordPanel.app */;
			productType = "com.apple.product-type.application";
		};
/* End PBXNativeTarget section */

/* Begin PBXProject section */
		29B97313FDCFA39411CA2CEA /* Project object */ = {
			isa = PBXProject;
			buildConfigurationList = C01FCF4E08A954540054247B /* Build configuration list for PBXProject "JNXPasswordPanel" */;
			compatibilityVersion = "Xcode 3.1";
			hasScannedForEncodings = 1;
			mainGroup = 29B97314FDCFA39411CA2CEA /* JNXPasswordPanel */;
			projectDirPath = "";
			projectRoot = "";
			targets = (
				8D1107260486CEB800E47090 /* JNXPasswordPanel */,
				E0A42DEF0F38A7D9006ECF9B /* Build ReleaseDMG */,
			);
		};
/* End PBXProject section */

/* Begin PBXResourcesBuildPhase section */
		8D1107290486CEB800E47090 /* Resources */ = {
			isa = PBXResourcesBuildPhase;
			buildActionMask = 2147483647;
			files = (
				8D11072B0486CEB800E47090 /* InfoPlist.strings in Resources */,
				1DDD58160DA1D0A300B32029 /* MainMenu.xib in Resources */,
				E055FE530F1530AD007C8E6A /* TestPanel1.plist in Resources */,
				E0A58C6D0FA9C1B5002DEDB4 /* JNXPasswordPanel.xib in Resources */,
			);
			runOnlyForDeploymentPostprocessing = 0;
		};
/* End PBXResourcesBuildPhase section */

/* Begin PBXShellScriptBuildPhase section */
		E0A42DFD0F38A812006ECF9B /* versionscript.perl */ = {
			isa = PBXShellScriptBuildPhase;
			buildActionMask = 2147483647;
			files = (
			);
			inputPaths = (
			);
			name = versionscript.perl;
			outputPaths = (
			);
			runOnlyForDeploymentPostprocessing = 0;
			shellPath = /usr/bin/perl;
			shellScript = "#!/usr/bin/perl\n#\n# author: \tPatrick Stein aka Jolly\n# purpose:\tThis used to create my Info.plist files via git when I build.\n# \t\t\tthe info panel whill show then something like: 0.96.76 (901415) \n#\t\t\talso the sparkleversion is used for the sparkle file\nuse strict;\n\nuse POSIX;\n$ENV{PATH}.=':/usr/local/git/bin';\n\n\n####\n# create $commitrevision variable via GIT\n####\n\nmy $commitrevision;\t\t# something like '96b4e3e' in git\nmy $commitversion;\t \t# something like '901415M' ( meaning 2009 = 9, 014 = day forteen of year, 15'th commit of that day, if a M is appended than the last diffs are not committed\nmy $commitdate;\t \t\t# something like \n{\n\tdie \"$0: Source directory not git backed\" unless $ENV{SOURCE_ROOT};\n\tuse Cwd;\n\tmy $currentdir = Cwd::getcwd();\n\n\tchdir($ENV{SOURCE_ROOT});\n\t{\n\t\tmy ($gitshortrevision,$gitseconds,$gitshortdate)\t= split(/\\s/, `git log -1 --pretty='format:%h %ct %cd' --date=short .` );\n\n\t\t\n\t\tmy $gitcountofday\t= `git log --since=\"$gitshortdate\" --pretty=oneline . |wc -l`;\n\t\tchomp $gitcountofday;\n\n\t\tmy $modifiedoutput \t= `git ls-files -t -m -d -o --exclude-standard`;\n\t\t\n\t\t$commitrevision \t= $gitshortrevision.($modifiedoutput !~ m/^\\s*$/?'M':'');\n\t\t$commitversion\t\t= sprintf(\"%d%02d\",POSIX::strftime(\"%g%j\",localtime($gitseconds)),$gitcountofday).($modifiedoutput !~ m/^\\s*$/?'M':'');\n\t\t$commitdate\t\t\t= POSIX::strftime(\"%+\",localtime($gitseconds))\n\t}\n\n\tchdir($currentdir);\n}\nprint STDERR \"Revision: $commitrevision\\n\";\nprint STDERR \"Version: \t$commitversion\\n\";\nprint STDERR \"Date: \t$commitdate\\n\";\n\n\n####\n# rewrite Info.plist\n####\nmy $version;\t# something like 1.00\n\n{\n\tdie \"$0: Source directory not git backed\" unless $commitrevision || $commitversion || $ENV{BUILT_PRODUCTS_DIR} || $ENV{INFOPLIST_PATH};\n\n\t# Get the current subversion revision number and use it to set the CFBundleVersion value\n\n\tmy $infoplistfilename \t= $ENV{BUILT_PRODUCTS_DIR}.'/'.$ENV{INFOPLIST_PATH};\n\t\n\topen(FH, $infoplistfilename) || die \"$0: $infoplistfilename: $!\";\n\tmy $infofilecontent = join('', <FH>);\n\tclose(FH);\n\t\n\tmy $JNXSpecialKeys;\n\t$JNXSpecialKeys\t\t.= \"\\n<key>JNXCommitDate</key><string>$commitdate</string>\\n\";\n\t$JNXSpecialKeys\t\t.= \"\\n<key>JNXCommitRevision</key><string>$commitrevision</string>\\n\";\n\t$JNXSpecialKeys\t\t.= \"\\n<key>JNXCommitVersion</key><string>$commitversion</string>\\n\";\n\t\n\t$version = $1 if $infofilecontent =~ m#<key>CFBundleShortVersionString</key>\\s*<string>\\s*(.*?)\\s*<\\/string>#s;\n\t$infofilecontent =~ s/([\\t ]+<key>CFBundleVersion<\\/key>\\n[\\t ]+<string>).*?(<\\/string>)/$1$commitversion$2$JNXSpecialKeys/;\n\t\n\topen(FH, '>'. $infoplistfilename ) or die \"$0: $infoplistfilename: $!\";\n\tprint FH $infofilecontent;\n\tclose(FH);\n}\nprint STDERR \"Version: $version\\n\";\n";
		};
		E0A42E030F38A853006ECF9B /* builddmgscript.perl */ = {
			isa = PBXShellScriptBuildPhase;
			buildActionMask = 2147483647;
			files = (
			);
			inputPaths = (
			);
			name = builddmgscript.perl;
			outputPaths = (
			);
			runOnlyForDeploymentPostprocessing = 0;
			shellPath = /usr/bin/perl;
			shellScript = "#!/usr/bin/perl\n#\n# author: \tPatrick Stein aka Jolly\n# purpose:\tThis used to create my dmg files via git when I build.\n#\nuse strict;\n\n\nuse POSIX;\n$ENV{PATH}.=':/usr/local/git/bin';\n\n\ndie \"$0: Must be run from Xcode\" unless $ENV{BUILT_PRODUCTS_DIR};\n\nif( $ENV{BUILD_STYLE} ne 'Release' )\n{\n\tprint STDERR \"$0: Only Release creates dmg\\n\";\n\texit;\n}\nelse\n{\n\tprint STDERR \"Release Style\\n\\n\\n\";\n}\n\n\nmy $INFO = \"$ENV{CONFIGURATION_BUILD_DIR}/$ENV{PROJECT_NAME}.app/Contents/Info.plist\";\n\nopen(FH, \"$INFO\") or die \"$0: $INFO: $!\";\nmy $info = join(\"\", <FH>);\nclose(FH);\n\nmy $version \t\t\t= $1 if $info =~ m#<key>CFBundleShortVersionString</key>\\s*<string>\\s*(.*?)\\s*<\\/string>#s;\nmy $revision\t\t\t= $1 if $info =~ m#<key>CFBundleVersion</key>\\s*<string>\\s*(.*?)\\s*<\\/string>#s;\nmy $jnxcommitdate \t\t= $1 if $info =~ m#<key>JNXCommitDate</key>\\s*<string>\\s*(.*?)\\s*<\\/string>#s;\nmy $jnxcommitrevision \t= $1 if $info =~ m#<key>JNXCommitRevision</key>\\s*<string>\\s*(.*?)\\s*<\\/string>#s;\nmy $jnxcommitversion \t= $1 if $info =~ m#<key>JNXCommitVersion</key>\\s*<string>\\s*(.*?)\\s*<\\/string>#s;\n\nmy $bundleid= $ENV{CODE_SIGN_IDENTITY};\n\nif( !length($bundleid) )\n{\n\t$bundleid=$1 if $info =~ m#<key>CFBundleIdentifier</key>\\s*<string>\\s*(.*?)\\s*<\\/string>#s;\n}\n\ndie \"Can't find version info\" if ! $version;\n\n{\n\topen(FILE,$ENV{SOURCE_ROOT}.'/Other Resources/ReleaseHistory/Release.txt') || die \"Can't open Release file\";\n\tmy $JNX_RELEASE_TEXT = join('',<FILE>);\n\tclose(FILE);\n\n\n\topen(FILE,$ENV{SOURCE_ROOT}.'/Other Resources/ReleaseHistory/SparkleWrapper.xml') || die \"Can't open SparkleWrapper file\";\n\tmy $sparklewrappertext = join('',<FILE>);\n\tclose(FILE);\n\n\topen(FILE,$ENV{SOURCE_ROOT}.'/Other Resources/ReleaseHistory/History.txt') || die \"Can't open ReleaseHistory file\";\n\tmy $releasehistorytext = join('',<FILE>);\n\tclose(FILE);\n\n\n\tmy $JNX_RELEASE_DATE\t\t= $jnxcommitdate;\n\tmy $JNX_RELEASE_REVISION\t= $revision;\n\tmy $JNX_RELEASE_VERSION\t\t= $version;\n\n\t$JNX_RELEASE_TEXT =~ s/JNX_RELEASE_DATE/$JNX_RELEASE_DATE/g;\n\t$JNX_RELEASE_TEXT =~ s/JNX_RELEASE_REVISION/$JNX_RELEASE_REVISION/g;\n\t$JNX_RELEASE_TEXT =~ s/JNX_RELEASE_VERSION/$JNX_RELEASE_VERSION/g;\n\t\n\t$sparklewrappertext =~ s/JNX_RELEASE_TEXT/$JNX_RELEASE_TEXT/g;\n\t$sparklewrappertext =~ s/JNX_RELEASE_DATE/$JNX_RELEASE_DATE/g;\n\t$sparklewrappertext =~ s/JNX_RELEASE_REVISION/$JNX_RELEASE_REVISION/g;\n\t$sparklewrappertext =~ s/JNX_RELEASE_VERSION/$JNX_RELEASE_VERSION/g;\n\n\t$releasehistorytext =~ s#<body>(.*?)</body>#<body>$JNX_RELEASE_TEXT\\n$1</body>#gs;\n\n\topen(FILE,'>'.$ENV{BUILT_PRODUCTS_DIR}.'/'.$ENV{PROJECT_NAME}.'.update.xml') || die \"Can't write SparkleWrapper file\";\n\tprint FILE $sparklewrappertext;\n\tclose(FILE);\n\n\topen(FILE,'>'.$ENV{BUILT_PRODUCTS_DIR}.'/'.'ReleaseHistory.html') || die \"Can't write ReleaseHistory file\";\n\tprint FILE $releasehistorytext;\n\tclose(FILE);\n}\n\nmy $volumename = $ENV{PROJECT_NAME}.'.'.$version.'.('.$revision.')';\n\nmy $DMG_DIRECTORY\t\t\t= $ENV{TEMP_DIR}.'/dmg';\nmy $finaldirectory\t\t\t= $DMG_DIRECTORY.'/final';\nmy $releasecopydirectory\t= $DMG_DIRECTORY.'/release';\n\nmy $intermediatedmg\t \t\t= $DMG_DIRECTORY.'/'.$volumename.'.dmg';\nmy $finaldmg\t\t\t\t= $ENV{TEMP_ROOT}.'/'.$volumename.'.final.dmg';\n\n\n# die \"$DMG_DIRECTORY\";\n\nsystem('find',$ENV{TEMP_DIR},'-maxdepth','1','-type','d','-name','dmg','-exec','rm','-rf','{}',';');\nsystem('rm','-rf',$finaldmg);\n\nsystem('mkdir',$DMG_DIRECTORY);\nsystem('mkdir',$finaldirectory);\nsystem('mkdir',$releasecopydirectory);\n`cd \"$ENV{CONFIGURATION_BUILD_DIR}\" ; tar -cf - . | ( cd \"$releasecopydirectory\"; tar -xf -) `;\n\n\nsystem('find',$releasecopydirectory,'-maxdepth','1','-type','d','-name','*.dSYM','-exec','mv','{}',$finaldirectory.'/',';');\nsystem('find',$releasecopydirectory,'-maxdepth','1','-type','f','-name','*.update.xml','-exec','mv','{}',$finaldirectory.'/',';');\nsystem('find',$releasecopydirectory,'-type','f','-name','*.h','-exec','rm','-rf','{}',';');\nsystem('find',$releasecopydirectory,'-type','f','-perm','0755','-name',$ENV{PROJECT_NAME},'-exec','strip','{}',';');\n# system('find',$releasecopydirectory,'-maxdepth','1','-type','f','-perm','755','-exec','rm','-rf','{}',';');\nsystem('codesign','-f','-s',$bundleid,$releasecopydirectory.'/'.$ENV{PROJECT_NAME}.'.app');\n\n\nsystem('hdiutil','create','-srcfolder',$releasecopydirectory,'-format','UDZO','-volname',$volumename,$intermediatedmg);\nsystem('mv',$intermediatedmg,$finaldirectory.'/');\nsystem('hdiutil','create','-srcfolder', $finaldirectory,'-format','UDBZ','-volname',$volumename.'.final',$finaldmg);\n\n\n\n";
		};
/* End PBXShellScriptBuildPhase section */

/* Begin PBXSourcesBuildPhase section */
		8D11072C0486CEB800E47090 /* Sources */ = {
			isa = PBXSourcesBuildPhase;
			buildActionMask = 2147483647;
			files = (
				8D11072D0486CEB800E47090 /* main.m in Sources */,
				E07C9A900F1518E500DDCA7F /* TestingClass.m in Sources */,
				E0A58BB50FA9B77C002DEDB4 /* JNXCrashReporter.m in Sources */,
				E0A58C6B0FA9C1B5002DEDB4 /* JNXKeyChainPassword.m in Sources */,
				E0A58C6C0FA9C1B5002DEDB4 /* JNXPasswordPanel.m in Sources */,
				E0A58C6E0FA9C1B5002DEDB4 /* NSDictionary+KeyValueStringEncoding.m in Sources */,
				E0A58C6F0FA9C1B5002DEDB4 /* NSString+PercentEscape.m in Sources */,
			);
			runOnlyForDeploymentPostprocessing = 0;
		};
/* End PBXSourcesBuildPhase section */

/* Begin PBXTargetDependency section */
		E0A42DF30F38A7E2006ECF9B /* PBXTargetDependency */ = {
			isa = PBXTargetDependency;
			target = 8D1107260486CEB800E47090 /* JNXPasswordPanel */;
			targetProxy = E0A42DF20F38A7E2006ECF9B /* PBXContainerItemProxy */;
		};
/* End PBXTargetDependency section */

/* Begin PBXVariantGroup section */
		089C165CFE840E0CC02AAC07 /* InfoPlist.strings */ = {
			isa = PBXVariantGroup;
			children = (
				089C165DFE840E0CC02AAC07 /* English */,
			);
			name = InfoPlist.strings;
			sourceTree = "<group>";
		};
		1DDD58140DA1D0A300B32029 /* MainMenu.xib */ = {
			isa = PBXVariantGroup;
			children = (
				1DDD58150DA1D0A300B32029 /* English */,
			);
			name = MainMenu.xib;
			sourceTree = "<group>";
		};
/* End PBXVariantGroup section */

/* Begin XCBuildConfiguration section */
		C01FCF4B08A954540054247B /* Debug */ = {
			isa = XCBuildConfiguration;
			buildSettings = {
				ALWAYS_SEARCH_USER_PATHS = NO;
				COPY_PHASE_STRIP = NO;
				GCC_DYNAMIC_NO_PIC = NO;
				GCC_ENABLE_FIX_AND_CONTINUE = YES;
				GCC_MODEL_TUNING = G5;
				GCC_OPTIMIZATION_LEVEL = 0;
				GCC_PRECOMPILE_PREFIX_HEADER = YES;
				GCC_PREFIX_HEADER = JNXPasswordPanel_Prefix.pch;
				INFOPLIST_FILE = Info.plist;
				INSTALL_PATH = "$(HOME)/Applications";
				PRODUCT_NAME = JNXPasswordPanel;
			};
			name = Debug;
		};
		C01FCF4C08A954540054247B /* Release */ = {
			isa = XCBuildConfiguration;
			buildSettings = {
				ALWAYS_SEARCH_USER_PATHS = NO;
				DEBUG_INFORMATION_FORMAT = "dwarf-with-dsym";
				GCC_MODEL_TUNING = G5;
				GCC_PRECOMPILE_PREFIX_HEADER = YES;
				GCC_PREFIX_HEADER = JNXPasswordPanel_Prefix.pch;
				INFOPLIST_FILE = Info.plist;
				INSTALL_PATH = "$(HOME)/Applications";
				PRODUCT_NAME = JNXPasswordPanel;
			};
			name = Release;
		};
		C01FCF4F08A954540054247B /* Debug */ = {
			isa = XCBuildConfiguration;
			buildSettings = {
				ARCHS = "$(ARCHS_STANDARD_32_BIT)";
				GCC_C_LANGUAGE_STANDARD = c99;
				GCC_OPTIMIZATION_LEVEL = 0;
				GCC_PREPROCESSOR_DEFINITIONS = "DEBUG=1";
				GCC_WARN_ABOUT_RETURN_TYPE = YES;
				GCC_WARN_UNUSED_VARIABLE = YES;
				ONLY_ACTIVE_ARCH = YES;
				PREBINDING = NO;
				SDKROOT = macosx10.5;
			};
			name = Debug;
		};
		C01FCF5008A954540054247B /* Release */ = {
			isa = XCBuildConfiguration;
			buildSettings = {
				ARCHS = "$(ARCHS_STANDARD_32_BIT)";
				GCC_C_LANGUAGE_STANDARD = c99;
				GCC_WARN_ABOUT_RETURN_TYPE = YES;
				GCC_WARN_UNUSED_VARIABLE = YES;
				PREBINDING = NO;
				SDKROOT = macosx10.5;
			};
			name = Release;
		};
		E0A42DF00F38A7D9006ECF9B /* Debug */ = {
			isa = XCBuildConfiguration;
			buildSettings = {
				COPY_PHASE_STRIP = NO;
				GCC_DYNAMIC_NO_PIC = NO;
				GCC_OPTIMIZATION_LEVEL = 0;
				PRODUCT_NAME = "Build ReleaseDMG";
			};
			name = Debug;
		};
		E0A42DF10F38A7D9006ECF9B /* Release */ = {
			isa = XCBuildConfiguration;
			buildSettings = {
				COPY_PHASE_STRIP = YES;
				DEBUG_INFORMATION_FORMAT = "dwarf-with-dsym";
				GCC_ENABLE_FIX_AND_CONTINUE = NO;
				PRODUCT_NAME = "Build ReleaseDMG";
				ZERO_LINK = NO;
			};
			name = Release;
		};
/* End XCBuildConfiguration section */

/* Begin XCConfigurationList section */
		C01FCF4A08A954540054247B /* Build configuration list for PBXNativeTarget "JNXPasswordPanel" */ = {
			isa = XCConfigurationList;
			buildConfigurations = (
				C01FCF4B08A954540054247B /* Debug */,
				C01FCF4C08A954540054247B /* Release */,
			);
			defaultConfigurationIsVisible = 0;
			defaultConfigurationName = Release;
		};
		C01FCF4E08A954540054247B /* Build configuration list for PBXProject "JNXPasswordPanel" */ = {
			isa = XCConfigurationList;
			buildConfigurations = (
				C01FCF4F08A954540054247B /* Debug */,
				C01FCF5008A954540054247B /* Release */,
			);
			defaultConfigurationIsVisible = 0;
			defaultConfigurationName = Release;
		};
		E0A42DFB0F38A7EB006ECF9B /* Build configuration list for PBXAggregateTarget "Build ReleaseDMG" */ = {
			isa = XCConfigurationList;
			buildConfigurations = (
				E0A42DF00F38A7D9006ECF9B /* Debug */,
				E0A42DF10F38A7D9006ECF9B /* Release */,
			);
			defaultConfigurationIsVisible = 0;
			defaultConfigurationName = Release;
		};
/* End XCConfigurationList section */
	};
	rootObject = 29B97313FDCFA39411CA2CEA /* Project object */;
}
